
Microsoft Visual Studio Solution File, Format Version 12.00
# Visual Studio 14
VisualStudioVersion = 14.0.23107.0
MinimumVisualStudioVersion = 10.0.40219.1
Project("{FAE04EC0-301F-11D3-BF4B-00C04F79EFBC}") = "WritePadSDK.WindowsPhone", "WritePadSDK\WritePadSDK.WindowsPhone\WritePadSDK.WindowsPhone.csproj", "{7EDD15E1-A124-478E-A68E-22CBEE9DE8DD}"
EndProject
Project("{FAE04EC0-301F-11D3-BF4B-00C04F79EFBC}") = "WritePadSDK.WindowsRuntime", "WritePadSDK\WritePadSDK.WindowsRuntime\WritePadSDK.WindowsRuntime.csproj", "{F640794C-01E1-4A1A-BF1A-187442B411FA}"
EndProject
Project("{FAE04EC0-301F-11D3-BF4B-00C04F79EFBC}") = "WritePadSDK.WindowsClassic", "WritePadSDK\WritePadSDK.WindowsClassic\WritePadSDK.WindowsClassic.csproj", "{12FD8A81-55EA-4F06-AE61-C96EDAA05A9F}"
EndProject
Project("{FAE04EC0-301F-11D3-BF4B-00C04F79EFBC}") = "WritePadSDK.WindowsUniversal", "WritePadSDK\WritePadSDK.WindowsUniversal\WritePadSDK.WindowsUniversal.csproj", "{26EF586C-E8FF-492D-9022-2484B763A61D}"
EndProject
Project("{FAE04EC0-301F-11D3-BF4B-00C04F79EFBC}") = "WritePadSDKAndroidSample", "WritePadSDKSamples\WritePadSDKAndroidSample\WritePadSDKAndroidSample.csproj", "{C6D2AF63-9A94-4245-A3DC-008E0F6058DF}"
EndProject
Project("{2150E333-8FDC-42A3-9474-1A3956D46DE8}") = "WritePadSDK", "WritePadSDK", "{B4B02DAF-169C-448F-8434-D7423364C45B}"
EndProject
Project("{2150E333-8FDC-42A3-9474-1A3956D46DE8}") = "Samples", "Samples", "{0A5022B3-ADC2-4554-8607-73DEEA83C80B}"
EndProject
Project("{FAE04EC0-301F-11D3-BF4B-00C04F79EFBC}") = "WritePadSDKiOSSample", "WritePadSDKSamples\WritePadSDKiOSSample\WritePadSDKiOSSample.csproj", "{54879E0A-D979-4653-956E-B92402E0B348}"
EndProject
Project("{FAE04EC0-301F-11D3-BF4B-00C04F79EFBC}") = "WritePadSDK.iOS", "WritePadSDK\WritePadSDK.iOS\WritePadSDK.iOS.csproj", "{265F6B8B-790C-436C-963B-C6CBFC8660C4}"
EndProject
Project("{FAE04EC0-301F-11D3-BF4B-00C04F79EFBC}") = "WritePadSDKWindowsFormsSample", "WritePadSDKSamples\WritePadSDKWindowsFormsSample\WritePadSDKWindowsFormsSample.csproj", "{D7117344-BE82-4033-AA99-2FD188D0C69E}"
EndProject
Project("{D954291E-2A0B-460D-934E-DC6B0785DB48}") = "WritePadSDK", "WritePadSDK\WritePadSDK\WritePadSDK.shproj", "{1A9D97CD-0618-472D-8A12-11275282D37D}"
EndProject
Project("{FAE04EC0-301F-11D3-BF4B-00C04F79EFBC}") = "WritePadSDK.Android", "WritePadSDK\WritePadSDK.Android\WritePadSDK.Android.csproj", "{914229E5-D5BD-4CB2-B976-C7DAC44C7992}"
EndProject
Global
	GlobalSection(SharedMSBuildProjectFiles) = preSolution
		WritePadSDK\WritePadSDK\PhatWare.WritePad.projitems*{914229e5-d5bd-4cb2-b976-c7dac44c7992}*SharedItemsImports = 4
		WritePadSDK\WritePadSDK\PhatWare.WritePad.projitems*{12fd8a81-55ea-4f06-ae61-c96edaa05a9f}*SharedItemsImports = 4
		WritePadSDK\WritePadSDK\PhatWare.WritePad.projitems*{265f6b8b-790c-436c-963b-c6cbfc8660c4}*SharedItemsImports = 4
		WritePadSDK\WritePadSDK\PhatWare.WritePad.projitems*{1a9d97cd-0618-472d-8a12-11275282d37d}*SharedItemsImports = 13
	EndGlobalSection
	GlobalSection(SolutionConfigurationPlatforms) = preSolution
		Debug|Any CPU = Debug|Any CPU
		Debug|ARM = Debug|ARM
		Debug|iPhone = Debug|iPhone
		Debug|iPhoneSimulator = Debug|iPhoneSimulator
		Debug|x64 = Debug|x64
		Debug|x86 = Debug|x86
		Release|Any CPU = Release|Any CPU
		Release|ARM = Release|ARM
		Release|iPhone = Release|iPhone
		Release|iPhoneSimulator = Release|iPhoneSimulator
		Release|x64 = Release|x64
		Release|x86 = Release|x86
	EndGlobalSection
	GlobalSection(ProjectConfigurationPlatforms) = postSolution
		{7EDD15E1-A124-478E-A68E-22CBEE9DE8DD}.Debug|Any CPU.ActiveCfg = Debug|Any CPU
		{7EDD15E1-A124-478E-A68E-22CBEE9DE8DD}.Debug|Any CPU.Build.0 = Debug|Any CPU
		{7EDD15E1-A124-478E-A68E-22CBEE9DE8DD}.Debug|ARM.ActiveCfg = Debug|ARM
		{7EDD15E1-A124-478E-A68E-22CBEE9DE8DD}.Debug|ARM.Build.0 = Debug|ARM
		{7EDD15E1-A124-478E-A68E-22CBEE9DE8DD}.Debug|iPhone.ActiveCfg = Debug|Any CPU
		{7EDD15E1-A124-478E-A68E-22CBEE9DE8DD}.Debug|iPhoneSimulator.ActiveCfg = Debug|Any CPU
		{7EDD15E1-A124-478E-A68E-22CBEE9DE8DD}.Debug|x64.ActiveCfg = Debug|Any CPU
		{7EDD15E1-A124-478E-A68E-22CBEE9DE8DD}.Debug|x64.Build.0 = Debug|Any CPU
		{7EDD15E1-A124-478E-A68E-22CBEE9DE8DD}.Debug|x86.ActiveCfg = Debug|x86
		{7EDD15E1-A124-478E-A68E-22CBEE9DE8DD}.Debug|x86.Build.0 = Debug|x86
		{7EDD15E1-A124-478E-A68E-22CBEE9DE8DD}.Release|Any CPU.ActiveCfg = Release|Any CPU
		{7EDD15E1-A124-478E-A68E-22CBEE9DE8DD}.Release|Any CPU.Build.0 = Release|Any CPU
		{7EDD15E1-A124-478E-A68E-22CBEE9DE8DD}.Release|ARM.ActiveCfg = Release|ARM
		{7EDD15E1-A124-478E-A68E-22CBEE9DE8DD}.Release|ARM.Build.0 = Release|ARM
		{7EDD15E1-A124-478E-A68E-22CBEE9DE8DD}.Release|iPhone.ActiveCfg = Release|Any CPU
		{7EDD15E1-A124-478E-A68E-22CBEE9DE8DD}.Release|iPhoneSimulator.ActiveCfg = Release|Any CPU
		{7EDD15E1-A124-478E-A68E-22CBEE9DE8DD}.Release|x64.ActiveCfg = Release|Any CPU
		{7EDD15E1-A124-478E-A68E-22CBEE9DE8DD}.Release|x64.Build.0 = Release|Any CPU
		{7EDD15E1-A124-478E-A68E-22CBEE9DE8DD}.Release|x86.ActiveCfg = Release|x86
		{7EDD15E1-A124-478E-A68E-22CBEE9DE8DD}.Release|x86.Build.0 = Release|x86
		{F640794C-01E1-4A1A-BF1A-187442B411FA}.Debug|Any CPU.ActiveCfg = Debug|Any CPU
		{F640794C-01E1-4A1A-BF1A-187442B411FA}.Debug|Any CPU.Build.0 = Debug|Any CPU
		{F640794C-01E1-4A1A-BF1A-187442B411FA}.Debug|ARM.ActiveCfg = Debug|Any CPU
		{F640794C-01E1-4A1A-BF1A-187442B411FA}.Debug|ARM.Build.0 = Debug|Any CPU
		{F640794C-01E1-4A1A-BF1A-187442B411FA}.Debug|iPhone.ActiveCfg = Debug|Any CPU
		{F640794C-01E1-4A1A-BF1A-187442B411FA}.Debug|iPhoneSimulator.ActiveCfg = Debug|Any CPU
		{F640794C-01E1-4A1A-BF1A-187442B411FA}.Debug|x64.ActiveCfg = Debug|Any CPU
		{F640794C-01E1-4A1A-BF1A-187442B411FA}.Debug|x64.Build.0 = Debug|Any CPU
		{F640794C-01E1-4A1A-BF1A-187442B411FA}.Debug|x86.ActiveCfg = Debug|Any CPU
		{F640794C-01E1-4A1A-BF1A-187442B411FA}.Debug|x86.Build.0 = Debug|Any CPU
		{F640794C-01E1-4A1A-BF1A-187442B411FA}.Release|Any CPU.ActiveCfg = Release|Any CPU
		{F640794C-01E1-4A1A-BF1A-187442B411FA}.Release|Any CPU.Build.0 = Release|Any CPU
		{F640794C-01E1-4A1A-BF1A-187442B411FA}.Release|ARM.ActiveCfg = Release|Any CPU
		{F640794C-01E1-4A1A-BF1A-187442B411FA}.Release|ARM.Build.0 = Release|Any CPU
		{F640794C-01E1-4A1A-BF1A-187442B411FA}.Release|iPhone.ActiveCfg = Release|Any CPU
		{F640794C-01E1-4A1A-BF1A-187442B411FA}.Release|iPhoneSimulator.ActiveCfg = Release|Any CPU
		{F640794C-01E1-4A1A-BF1A-187442B411FA}.Release|x64.ActiveCfg = Release|Any CPU
		{F640794C-01E1-4A1A-BF1A-187442B411FA}.Release|x64.Build.0 = Release|Any CPU
		{F640794C-01E1-4A1A-BF1A-187442B411FA}.Release|x86.ActiveCfg = Release|Any CPU
		{F640794C-01E1-4A1A-BF1A-187442B411FA}.Release|x86.Build.0 = Release|Any CPU
		{12FD8A81-55EA-4F06-AE61-C96EDAA05A9F}.Debug|Any CPU.ActiveCfg = Debug|Any CPU
		{12FD8A81-55EA-4F06-AE61-C96EDAA05A9F}.Debug|Any CPU.Build.0 = Debug|Any CPU
		{12FD8A81-55EA-4F06-AE61-C96EDAA05A9F}.Debug|ARM.ActiveCfg = Debug|Any CPU
		{12FD8A81-55EA-4F06-AE61-C96EDAA05A9F}.Debug|ARM.Build.0 = Debug|Any CPU
		{12FD8A81-55EA-4F06-AE61-C96EDAA05A9F}.Debug|iPhone.ActiveCfg = Debug|Any CPU
		{12FD8A81-55EA-4F06-AE61-C96EDAA05A9F}.Debug|iPhone.Build.0 = Debug|Any CPU
		{12FD8A81-55EA-4F06-AE61-C96EDAA05A9F}.Debug|iPhoneSimulator.ActiveCfg = Debug|Any CPU
		{12FD8A81-55EA-4F06-AE61-C96EDAA05A9F}.Debug|iPhoneSimulator.Build.0 = Debug|Any CPU
		{12FD8A81-55EA-4F06-AE61-C96EDAA05A9F}.Debug|x64.ActiveCfg = Debug|Any CPU
		{12FD8A81-55EA-4F06-AE61-C96EDAA05A9F}.Debug|x64.Build.0 = Debug|Any CPU
		{12FD8A81-55EA-4F06-AE61-C96EDAA05A9F}.Debug|x86.ActiveCfg = Debug|Any CPU
		{12FD8A81-55EA-4F06-AE61-C96EDAA05A9F}.Debug|x86.Build.0 = Debug|Any CPU
		{12FD8A81-55EA-4F06-AE61-C96EDAA05A9F}.Release|Any CPU.ActiveCfg = Release|Any CPU
		{12FD8A81-55EA-4F06-AE61-C96EDAA05A9F}.Release|Any CPU.Build.0 = Release|Any CPU
		{12FD8A81-55EA-4F06-AE61-C96EDAA05A9F}.Release|ARM.ActiveCfg = Release|Any CPU
		{12FD8A81-55EA-4F06-AE61-C96EDAA05A9F}.Release|ARM.Build.0 = Release|Any CPU
		{12FD8A81-55EA-4F06-AE61-C96EDAA05A9F}.Release|iPhone.ActiveCfg = Release|Any CPU
		{12FD8A81-55EA-4F06-AE61-C96EDAA05A9F}.Release|iPhone.Build.0 = Release|Any CPU
		{12FD8A81-55EA-4F06-AE61-C96EDAA05A9F}.Release|iPhoneSimulator.ActiveCfg = Release|Any CPU
		{12FD8A81-55EA-4F06-AE61-C96EDAA05A9F}.Release|iPhoneSimulator.Build.0 = Release|Any CPU
		{12FD8A81-55EA-4F06-AE61-C96EDAA05A9F}.Release|x64.ActiveCfg = Release|Any CPU
		{12FD8A81-55EA-4F06-AE61-C96EDAA05A9F}.Release|x64.Build.0 = Release|Any CPU
		{12FD8A81-55EA-4F06-AE61-C96EDAA05A9F}.Release|x86.ActiveCfg = Release|Any CPU
		{12FD8A81-55EA-4F06-AE61-C96EDAA05A9F}.Release|x86.Build.0 = Release|Any CPU
		{26EF586C-E8FF-492D-9022-2484B763A61D}.Debug|Any CPU.ActiveCfg = Debug|Any CPU
		{26EF586C-E8FF-492D-9022-2484B763A61D}.Debug|Any CPU.Build.0 = Debug|Any CPU
		{26EF586C-E8FF-492D-9022-2484B763A61D}.Debug|ARM.ActiveCfg = Debug|ARM
		{26EF586C-E8FF-492D-9022-2484B763A61D}.Debug|ARM.Build.0 = Debug|ARM
		{26EF586C-E8FF-492D-9022-2484B763A61D}.Debug|iPhone.ActiveCfg = Debug|Any CPU
		{26EF586C-E8FF-492D-9022-2484B763A61D}.Debug|iPhoneSimulator.ActiveCfg = Debug|Any CPU
		{26EF586C-E8FF-492D-9022-2484B763A61D}.Debug|x64.ActiveCfg = Debug|x64
		{26EF586C-E8FF-492D-9022-2484B763A61D}.Debug|x64.Build.0 = Debug|x64
		{26EF586C-E8FF-492D-9022-2484B763A61D}.Debug|x86.ActiveCfg = Debug|x86
		{26EF586C-E8FF-492D-9022-2484B763A61D}.Debug|x86.Build.0 = Debug|x86
		{26EF586C-E8FF-492D-9022-2484B763A61D}.Release|Any CPU.ActiveCfg = Release|Any CPU
		{26EF586C-E8FF-492D-9022-2484B763A61D}.Release|Any CPU.Build.0 = Release|Any CPU
		{26EF586C-E8FF-492D-9022-2484B763A61D}.Release|ARM.ActiveCfg = Release|ARM
		{26EF586C-E8FF-492D-9022-2484B763A61D}.Release|ARM.Build.0 = Release|ARM
		{26EF586C-E8FF-492D-9022-2484B763A61D}.Release|iPhone.ActiveCfg = Release|Any CPU
		{26EF586C-E8FF-492D-9022-2484B763A61D}.Release|iPhoneSimulator.ActiveCfg = Release|Any CPU
		{26EF586C-E8FF-492D-9022-2484B763A61D}.Release|x64.ActiveCfg = Release|x64
		{26EF586C-E8FF-492D-9022-2484B763A61D}.Release|x64.Build.0 = Release|x64
		{26EF586C-E8FF-492D-9022-2484B763A61D}.Release|x86.ActiveCfg = Release|x86
		{26EF586C-E8FF-492D-9022-2484B763A61D}.Release|x86.Build.0 = Release|x86
		{C6D2AF63-9A94-4245-A3DC-008E0F6058DF}.Debug|Any CPU.ActiveCfg = Debug|Any CPU
		{C6D2AF63-9A94-4245-A3DC-008E0F6058DF}.Debug|Any CPU.Build.0 = Debug|Any CPU
		{C6D2AF63-9A94-4245-A3DC-008E0F6058DF}.Debug|Any CPU.Deploy.0 = Debug|Any CPU
		{C6D2AF63-9A94-4245-A3DC-008E0F6058DF}.Debug|ARM.ActiveCfg = Debug|Any CPU
		{C6D2AF63-9A94-4245-A3DC-008E0F6058DF}.Debug|ARM.Build.0 = Debug|Any CPU
		{C6D2AF63-9A94-4245-A3DC-008E0F6058DF}.Debug|ARM.Deploy.0 = Debug|Any CPU
		{C6D2AF63-9A94-4245-A3DC-008E0F6058DF}.Debug|iPhone.ActiveCfg = Debug|Any CPU
		{C6D2AF63-9A94-4245-A3DC-008E0F6058DF}.Debug|iPhone.Build.0 = Debug|Any CPU
		{C6D2AF63-9A94-4245-A3DC-008E0F6058DF}.Debug|iPhone.Deploy.0 = Debug|Any CPU
		{C6D2AF63-9A94-4245-A3DC-008E0F6058DF}.Debug|iPhoneSimulator.ActiveCfg = Debug|Any CPU
		{C6D2AF63-9A94-4245-A3DC-008E0F6058DF}.Debug|iPhoneSimulator.Build.0 = Debug|Any CPU
		{C6D2AF63-9A94-4245-A3DC-008E0F6058DF}.Debug|iPhoneSimulator.Deploy.0 = Debug|Any CPU
		{C6D2AF63-9A94-4245-A3DC-008E0F6058DF}.Debug|x64.ActiveCfg = Debug|Any CPU
		{C6D2AF63-9A94-4245-A3DC-008E0F6058DF}.Debug|x64.Build.0 = Debug|Any CPU
		{C6D2AF63-9A94-4245-A3DC-008E0F6058DF}.Debug|x64.Deploy.0 = Debug|Any CPU
		{C6D2AF63-9A94-4245-A3DC-008E0F6058DF}.Debug|x86.ActiveCfg = Debug|Any CPU
		{C6D2AF63-9A94-4245-A3DC-008E0F6058DF}.Debug|x86.Build.0 = Debug|Any CPU
		{C6D2AF63-9A94-4245-A3DC-008E0F6058DF}.Debug|x86.Deploy.0 = Debug|Any CPU
		{C6D2AF63-9A94-4245-A3DC-008E0F6058DF}.Release|Any CPU.ActiveCfg = Release|Any CPU
		{C6D2AF63-9A94-4245-A3DC-008E0F6058DF}.Release|Any CPU.Build.0 = Release|Any CPU
		{C6D2AF63-9A94-4245-A3DC-008E0F6058DF}.Release|Any CPU.Deploy.0 = Release|Any CPU
		{C6D2AF63-9A94-4245-A3DC-008E0F6058DF}.Release|ARM.ActiveCfg = Release|Any CPU
		{C6D2AF63-9A94-4245-A3DC-008E0F6058DF}.Release|ARM.Build.0 = Release|Any CPU
		{C6D2AF63-9A94-4245-A3DC-008E0F6058DF}.Release|ARM.Deploy.0 = Release|Any CPU
		{C6D2AF63-9A94-4245-A3DC-008E0F6058DF}.Release|iPhone.ActiveCfg = Release|Any CPU
		{C6D2AF63-9A94-4245-A3DC-008E0F6058DF}.Release|iPhone.Build.0 = Release|Any CPU
		{C6D2AF63-9A94-4245-A3DC-008E0F6058DF}.Release|iPhone.Deploy.0 = Release|Any CPU
		{C6D2AF63-9A94-4245-A3DC-008E0F6058DF}.Release|iPhoneSimulator.ActiveCfg = Release|Any CPU
		{C6D2AF63-9A94-4245-A3DC-008E0F6058DF}.Release|iPhoneSimulator.Build.0 = Release|Any CPU
		{C6D2AF63-9A94-4245-A3DC-008E0F6058DF}.Release|iPhoneSimulator.Deploy.0 = Release|Any CPU
		{C6D2AF63-9A94-4245-A3DC-008E0F6058DF}.Release|x64.ActiveCfg = Release|Any CPU
		{C6D2AF63-9A94-4245-A3DC-008E0F6058DF}.Release|x64.Build.0 = Release|Any CPU
		{C6D2AF63-9A94-4245-A3DC-008E0F6058DF}.Release|x64.Deploy.0 = Release|Any CPU
		{C6D2AF63-9A94-4245-A3DC-008E0F6058DF}.Release|x86.ActiveCfg = Release|Any CPU
		{C6D2AF63-9A94-4245-A3DC-008E0F6058DF}.Release|x86.Build.0 = Release|Any CPU
		{C6D2AF63-9A94-4245-A3DC-008E0F6058DF}.Release|x86.Deploy.0 = Release|Any CPU
		{54879E0A-D979-4653-956E-B92402E0B348}.Debug|Any CPU.ActiveCfg = Debug|iPhone
		{54879E0A-D979-4653-956E-B92402E0B348}.Debug|Any CPU.Build.0 = Debug|iPhone
		{54879E0A-D979-4653-956E-B92402E0B348}.Debug|ARM.ActiveCfg = Debug|iPhone
		{54879E0A-D979-4653-956E-B92402E0B348}.Debug|ARM.Build.0 = Debug|iPhone
		{54879E0A-D979-4653-956E-B92402E0B348}.Debug|iPhone.ActiveCfg = Debug|iPhone
		{54879E0A-D979-4653-956E-B92402E0B348}.Debug|iPhone.Build.0 = Debug|iPhone
		{54879E0A-D979-4653-956E-B92402E0B348}.Debug|iPhoneSimulator.ActiveCfg = Debug|iPhoneSimulator
		{54879E0A-D979-4653-956E-B92402E0B348}.Debug|iPhoneSimulator.Build.0 = Debug|iPhoneSimulator
		{54879E0A-D979-4653-956E-B92402E0B348}.Debug|x64.ActiveCfg = Debug|iPhoneSimulator
		{54879E0A-D979-4653-956E-B92402E0B348}.Debug|x64.Build.0 = Debug|iPhoneSimulator
		{54879E0A-D979-4653-956E-B92402E0B348}.Debug|x86.ActiveCfg = Debug|iPhoneSimulator
		{54879E0A-D979-4653-956E-B92402E0B348}.Debug|x86.Build.0 = Debug|iPhoneSimulator
		{54879E0A-D979-4653-956E-B92402E0B348}.Release|Any CPU.ActiveCfg = Release|iPhone
		{54879E0A-D979-4653-956E-B92402E0B348}.Release|Any CPU.Build.0 = Release|iPhone
		{54879E0A-D979-4653-956E-B92402E0B348}.Release|ARM.ActiveCfg = Release|iPhone
		{54879E0A-D979-4653-956E-B92402E0B348}.Release|ARM.Build.0 = Release|iPhone
		{54879E0A-D979-4653-956E-B92402E0B348}.Release|iPhone.ActiveCfg = Release|iPhone
		{54879E0A-D979-4653-956E-B92402E0B348}.Release|iPhone.Build.0 = Release|iPhone
		{54879E0A-D979-4653-956E-B92402E0B348}.Release|iPhoneSimulator.ActiveCfg = Release|iPhoneSimulator
		{54879E0A-D979-4653-956E-B92402E0B348}.Release|iPhoneSimulator.Build.0 = Release|iPhoneSimulator
		{54879E0A-D979-4653-956E-B92402E0B348}.Release|x64.ActiveCfg = Release|iPhoneSimulator
		{54879E0A-D979-4653-956E-B92402E0B348}.Release|x64.Build.0 = Release|iPhoneSimulator
		{54879E0A-D979-4653-956E-B92402E0B348}.Release|x86.ActiveCfg = Release|iPhoneSimulator
		{54879E0A-D979-4653-956E-B92402E0B348}.Release|x86.Build.0 = Release|iPhoneSimulator
		{265F6B8B-790C-436C-963B-C6CBFC8660C4}.Debug|Any CPU.ActiveCfg = Debug|Any CPU
		{265F6B8B-790C-436C-963B-C6CBFC8660C4}.Debug|Any CPU.Build.0 = Debug|Any CPU
		{265F6B8B-790C-436C-963B-C6CBFC8660C4}.Debug|ARM.ActiveCfg = Debug|Any CPU
		{265F6B8B-790C-436C-963B-C6CBFC8660C4}.Debug|ARM.Build.0 = Debug|Any CPU
		{265F6B8B-790C-436C-963B-C6CBFC8660C4}.Debug|iPhone.ActiveCfg = Debug|Any CPU
		{265F6B8B-790C-436C-963B-C6CBFC8660C4}.Debug|iPhone.Build.0 = Debug|Any CPU
		{265F6B8B-790C-436C-963B-C6CBFC8660C4}.Debug|iPhoneSimulator.ActiveCfg = Debug|Any CPU
		{265F6B8B-790C-436C-963B-C6CBFC8660C4}.Debug|iPhoneSimulator.Build.0 = Debug|Any CPU
		{265F6B8B-790C-436C-963B-C6CBFC8660C4}.Debug|x64.ActiveCfg = Debug|Any CPU
		{265F6B8B-790C-436C-963B-C6CBFC8660C4}.Debug|x64.Build.0 = Debug|Any CPU
		{265F6B8B-790C-436C-963B-C6CBFC8660C4}.Debug|x86.ActiveCfg = Debug|Any CPU
		{265F6B8B-790C-436C-963B-C6CBFC8660C4}.Debug|x86.Build.0 = Debug|Any CPU
		{265F6B8B-790C-436C-963B-C6CBFC8660C4}.Release|Any CPU.ActiveCfg = Release|Any CPU
		{265F6B8B-790C-436C-963B-C6CBFC8660C4}.Release|Any CPU.Build.0 = Release|Any CPU
		{265F6B8B-790C-436C-963B-C6CBFC8660C4}.Release|ARM.ActiveCfg = Release|Any CPU
		{265F6B8B-790C-436C-963B-C6CBFC8660C4}.Release|ARM.Build.0 = Release|Any CPU
		{265F6B8B-790C-436C-963B-C6CBFC8660C4}.Release|iPhone.ActiveCfg = Release|Any CPU
		{265F6B8B-790C-436C-963B-C6CBFC8660C4}.Release|iPhone.Build.0 = Release|Any CPU
		{265F6B8B-790C-436C-963B-C6CBFC8660C4}.Release|iPhoneSimulator.ActiveCfg = Release|Any CPU
		{265F6B8B-790C-436C-963B-C6CBFC8660C4}.Release|iPhoneSimulator.Build.0 = Release|Any CPU
		{265F6B8B-790C-436C-963B-C6CBFC8660C4}.Release|x64.ActiveCfg = Release|Any CPU
		{265F6B8B-790C-436C-963B-C6CBFC8660C4}.Release|x64.Build.0 = Release|Any CPU
		{265F6B8B-790C-436C-963B-C6CBFC8660C4}.Release|x86.ActiveCfg = Release|Any CPU
		{265F6B8B-790C-436C-963B-C6CBFC8660C4}.Release|x86.Build.0 = Release|Any CPU
		{D7117344-BE82-4033-AA99-2FD188D0C69E}.Debug|Any CPU.ActiveCfg = Debug|Any CPU
		{D7117344-BE82-4033-AA99-2FD188D0C69E}.Debug|Any CPU.Build.0 = Debug|Any CPU
		{D7117344-BE82-4033-AA99-2FD188D0C69E}.Debug|ARM.ActiveCfg = Debug|Any CPU
		{D7117344-BE82-4033-AA99-2FD188D0C69E}.Debug|ARM.Build.0 = Debug|Any CPU
		{D7117344-BE82-4033-AA99-2FD188D0C69E}.Debug|iPhone.ActiveCfg = Debug|Any CPU
		{D7117344-BE82-4033-AA99-2FD188D0C69E}.Debug|iPhone.Build.0 = Debug|Any CPU
		{D7117344-BE82-4033-AA99-2FD188D0C69E}.Debug|iPhoneSimulator.ActiveCfg = Debug|Any CPU
		{D7117344-BE82-4033-AA99-2FD188D0C69E}.Debug|iPhoneSimulator.Build.0 = Debug|Any CPU
		{D7117344-BE82-4033-AA99-2FD188D0C69E}.Debug|x64.ActiveCfg = Debug|x64
		{D7117344-BE82-4033-AA99-2FD188D0C69E}.Debug|x64.Build.0 = Debug|x64
		{D7117344-BE82-4033-AA99-2FD188D0C69E}.Debug|x86.ActiveCfg = Debug|Any CPU
		{D7117344-BE82-4033-AA99-2FD188D0C69E}.Debug|x86.Build.0 = Debug|Any CPU
		{D7117344-BE82-4033-AA99-2FD188D0C69E}.Release|Any CPU.ActiveCfg = Release|Any CPU
		{D7117344-BE82-4033-AA99-2FD188D0C69E}.Release|Any CPU.Build.0 = Release|Any CPU
		{D7117344-BE82-4033-AA99-2FD188D0C69E}.Release|ARM.ActiveCfg = Release|Any CPU
		{D7117344-BE82-4033-AA99-2FD188D0C69E}.Release|ARM.Build.0 = Release|Any CPU
		{D7117344-BE82-4033-AA99-2FD188D0C69E}.Release|iPhone.ActiveCfg = Release|Any CPU
		{D7117344-BE82-4033-AA99-2FD188D0C69E}.Release|iPhone.Build.0 = Release|Any CPU
		{D7117344-BE82-4033-AA99-2FD188D0C69E}.Release|iPhoneSimulator.ActiveCfg = Release|Any CPU
		{D7117344-BE82-4033-AA99-2FD188D0C69E}.Release|iPhoneSimulator.Build.0 = Release|Any CPU
		{D7117344-BE82-4033-AA99-2FD188D0C69E}.Release|x64.ActiveCfg = Release|x64
		{D7117344-BE82-4033-AA99-2FD188D0C69E}.Release|x64.Build.0 = Release|x64
		{D7117344-BE82-4033-AA99-2FD188D0C69E}.Release|x86.ActiveCfg = Release|x86
		{D7117344-BE82-4033-AA99-2FD188D0C69E}.Release|x86.Build.0 = Release|x86
		{914229E5-D5BD-4CB2-B976-C7DAC44C7992}.Debug|Any CPU.ActiveCfg = Debug|Any CPU
		{914229E5-D5BD-4CB2-B976-C7DAC44C7992}.Debug|Any CPU.Build.0 = Debug|Any CPU
		{914229E5-D5BD-4CB2-B976-C7DAC44C7992}.Debug|ARM.ActiveCfg = Debug|Any CPU
		{914229E5-D5BD-4CB2-B976-C7DAC44C7992}.Debug|ARM.Build.0 = Debug|Any CPU
		{914229E5-D5BD-4CB2-B976-C7DAC44C7992}.Debug|iPhone.ActiveCfg = Debug|Any CPU
		{914229E5-D5BD-4CB2-B976-C7DAC44C7992}.Debug|iPhone.Build.0 = Debug|Any CPU
		{914229E5-D5BD-4CB2-B976-C7DAC44C7992}.Debug|iPhoneSimulator.ActiveCfg = Debug|Any CPU
		{914229E5-D5BD-4CB2-B976-C7DAC44C7992}.Debug|iPhoneSimulator.Build.0 = Debug|Any CPU
		{914229E5-D5BD-4CB2-B976-C7DAC44C7992}.Debug|x64.ActiveCfg = Debug|Any CPU
		{914229E5-D5BD-4CB2-B976-C7DAC44C7992}.Debug|x64.Build.0 = Debug|Any CPU
		{914229E5-D5BD-4CB2-B976-C7DAC44C7992}.Debug|x86.ActiveCfg = Debug|Any CPU
		{914229E5-D5BD-4CB2-B976-C7DAC44C7992}.Debug|x86.Build.0 = Debug|Any CPU
		{914229E5-D5BD-4CB2-B976-C7DAC44C7992}.Release|Any CPU.ActiveCfg = Release|Any CPU
		{914229E5-D5BD-4CB2-B976-C7DAC44C7992}.Release|Any CPU.Build.0 = Release|Any CPU
		{914229E5-D5BD-4CB2-B976-C7DAC44C7992}.Release|ARM.ActiveCfg = Release|Any CPU
		{914229E5-D5BD-4CB2-B976-C7DAC44C7992}.Release|ARM.Build.0 = Release|Any CPU
		{914229E5-D5BD-4CB2-B976-C7DAC44C7992}.Release|iPhone.ActiveCfg = Release|Any CPU
		{914229E5-D5BD-4CB2-B976-C7DAC44C7992}.Release|iPhone.Build.0 = Release|Any CPU
		{914229E5-D5BD-4CB2-B976-C7DAC44C7992}.Release|iPhoneSimulator.ActiveCfg = Release|Any CPU
		{914229E5-D5BD-4CB2-B976-C7DAC44C7992}.Release|iPhoneSimulator.Build.0 = Release|Any CPU
		{914229E5-D5BD-4CB2-B976-C7DAC44C7992}.Release|x64.ActiveCfg = Release|Any CPU
		{914229E5-D5BD-4CB2-B976-C7DAC44C7992}.Release|x64.Build.0 = Release|Any CPU
		{914229E5-D5BD-4CB2-B976-C7DAC44C7992}.Release|x86.ActiveCfg = Release|Any CPU
		{914229E5-D5BD-4CB2-B976-C7DAC44C7992}.Release|x86.Build.0 = Release|Any CPU
	EndGlobalSection
	GlobalSection(SolutionProperties) = preSolution
		HideSolutionNode = FALSE
	EndGlobalSection
	GlobalSection(NestedProjects) = preSolution
		{7EDD15E1-A124-478E-A68E-22CBEE9DE8DD} = {B4B02DAF-169C-448F-8434-D7423364C45B}
		{F640794C-01E1-4A1A-BF1A-187442B411FA} = {B4B02DAF-169C-448F-8434-D7423364C45B}
		{12FD8A81-55EA-4F06-AE61-C96EDAA05A9F} = {B4B02DAF-169C-448F-8434-D7423364C45B}
		{26EF586C-E8FF-492D-9022-2484B763A61D} = {B4B02DAF-169C-448F-8434-D7423364C45B}
		{C6D2AF63-9A94-4245-A3DC-008E0F6058DF} = {0A5022B3-ADC2-4554-8607-73DEEA83C80B}
		{54879E0A-D979-4653-956E-B92402E0B348} = {0A5022B3-ADC2-4554-8607-73DEEA83C80B}
		{265F6B8B-790C-436C-963B-C6CBFC8660C4} = {B4B02DAF-169C-448F-8434-D7423364C45B}
		{D7117344-BE82-4033-AA99-2FD188D0C69E} = {0A5022B3-ADC2-4554-8607-73DEEA83C80B}
		{1A9D97CD-0618-472D-8A12-11275282D37D} = {B4B02DAF-169C-448F-8434-D7423364C45B}
		{914229E5-D5BD-4CB2-B976-C7DAC44C7992} = {B4B02DAF-169C-448F-8434-D7423364C45B}
	EndGlobalSection
EndGlobal
